
Microsoft Visual Studio Solution File, Format Version 12.00
# Visual Studio 15
VisualStudioVersion = 15.0.27004.2005
MinimumVisualStudioVersion = 10.0.40219.1
Project("{8BC9CEB8-8B4A-11D0-8D11-00A0C91BC942}") = "Testy", "Testy\Testy.vcxproj", "{791C6B79-8AD2-492C-9ACA-9863B9712DCF}"
EndProject
Global
	GlobalSection(SolutionConfigurationPlatforms) = preSolution
		Debug|x64 = Debug|x64
		Debug|x86 = Debug|x86
		Release|x64 = Release|x64
		Release|x86 = Release|x86
	EndGlobalSection
	GlobalSection(ProjectConfigurationPlatforms) = postSolution
		{791C6B79-8AD2-492C-9ACA-9863B9712DCF}.Debug|x64.ActiveCfg = Debug|x64
		{791C6B79-8AD2-492C-9ACA-9863B9712DCF}.Debug|x64.Build.0 = Debug|x64
		{791C6B79-8AD2-492C-9ACA-9863B9712DCF}.Debug|x86.ActiveCfg = Debug|Win32
		{791C6B79-8AD2-492C-9ACA-9863B9712DCF}.Debug|x86.Build.0 = Debug|Win32
		{791C6B79-8AD2-492C-9ACA-9863B9712DCF}.Release|x64.ActiveCfg = Release|x64
		{791C6B79-8AD2-492C-9ACA-9863B9712DCF}.Release|x64.Build.0 = Release|x64
		{791C6B79-8AD2-492C-9ACA-9863B9712DCF}.Release|x86.ActiveCfg = Release|Win32
		{791C6B79-8AD2-492C-9ACA-9863B9712DCF}.Release|x86.Build.0 = Release|Win32
	EndGlobalSection
	GlobalSection(SolutionProperties) = preSolution
		HideSolutionNode = FALSE
	EndGlobalSection
	GlobalSection(ExtensibilityGlobals) = postSolution
		SolutionGuid = {170A79D7-77FA-479C-8D85-025F14681D19}
	EndGlobalSection
EndGlobal
